
Microsoft Visual Studio Solution File, Format Version 12.00
# Visual Studio 14
VisualStudioVersion = 14.0.25420.1
MinimumVisualStudioVersion = 10.0.40219.1
Project("{FAE04EC0-301F-11D3-BF4B-00C04F79EFBC}") = "Nuts.Web", "Nuts.Web\Nuts.Web.csproj", "{D44046A5-88C6-4656-B16F-93982245AD73}"
EndProject
Project("{FAE04EC0-301F-11D3-BF4B-00C04F79EFBC}") = "Nuts.Entity", "Nuts.Entity\Nuts.Entity.csproj", "{FBD3BB52-EF67-43FC-86AC-68F44147D0B4}"
EndProject
Project("{2150E333-8FDC-42A3-9474-1A3956D46DE8}") = "Test", "Test", "{D923D547-0380-40A1-9E39-502D289405D4}"
EndProject
Project("{FAE04EC0-301F-11D3-BF4B-00C04F79EFBC}") = "Nuts.Entity.Test", "Nuts.Entity.Test\Nuts.Entity.Test.csproj", "{2BD8B28C-5E85-4EA2-BDF5-039A7F7ACFFB}"
EndProject
Project("{FAE04EC0-301F-11D3-BF4B-00C04F79EFBC}") = "Nuts.Repository", "Nuts.Repository\Nuts.Repository.csproj", "{FBE8FB8C-EFA3-465B-A7EA-9A10EFEECBAF}"
EndProject
Project("{FAE04EC0-301F-11D3-BF4B-00C04F79EFBC}") = "Nuts.Repository.Test", "Nuts.Repository.Test\Nuts.Repository.Test.csproj", "{E1CD7F37-2D26-43B9-B06C-73E80CD6D0D9}"
EndProject
Project("{FAE04EC0-301F-11D3-BF4B-00C04F79EFBC}") = "Nuts.Service", "Nuts.Service\Nuts.Service.csproj", "{9734C09E-79CE-49E0-A695-5FB66F4DE761}"
EndProject
Project("{FAE04EC0-301F-11D3-BF4B-00C04F79EFBC}") = "Nuts.Service.Test", "Nuts.Service.Test\Nuts.Service.Test.csproj", "{B9280C67-0D8C-4EF8-B951-8A6CA3C46BE3}"
EndProject
Global
	GlobalSection(SolutionConfigurationPlatforms) = preSolution
		Debug|Any CPU = Debug|Any CPU
		Release|Any CPU = Release|Any CPU
	EndGlobalSection
	GlobalSection(ProjectConfigurationPlatforms) = postSolution
		{D44046A5-88C6-4656-B16F-93982245AD73}.Debug|Any CPU.ActiveCfg = Debug|Any CPU
		{D44046A5-88C6-4656-B16F-93982245AD73}.Debug|Any CPU.Build.0 = Debug|Any CPU
		{D44046A5-88C6-4656-B16F-93982245AD73}.Release|Any CPU.ActiveCfg = Release|Any CPU
		{D44046A5-88C6-4656-B16F-93982245AD73}.Release|Any CPU.Build.0 = Release|Any CPU
		{FBD3BB52-EF67-43FC-86AC-68F44147D0B4}.Debug|Any CPU.ActiveCfg = Debug|Any CPU
		{FBD3BB52-EF67-43FC-86AC-68F44147D0B4}.Debug|Any CPU.Build.0 = Debug|Any CPU
		{FBD3BB52-EF67-43FC-86AC-68F44147D0B4}.Release|Any CPU.ActiveCfg = Release|Any CPU
		{FBD3BB52-EF67-43FC-86AC-68F44147D0B4}.Release|Any CPU.Build.0 = Release|Any CPU
		{2BD8B28C-5E85-4EA2-BDF5-039A7F7ACFFB}.Debug|Any CPU.ActiveCfg = Debug|Any CPU
		{2BD8B28C-5E85-4EA2-BDF5-039A7F7ACFFB}.Debug|Any CPU.Build.0 = Debug|Any CPU
		{2BD8B28C-5E85-4EA2-BDF5-039A7F7ACFFB}.Release|Any CPU.ActiveCfg = Release|Any CPU
		{2BD8B28C-5E85-4EA2-BDF5-039A7F7ACFFB}.Release|Any CPU.Build.0 = Release|Any CPU
		{FBE8FB8C-EFA3-465B-A7EA-9A10EFEECBAF}.Debug|Any CPU.ActiveCfg = Debug|Any CPU
		{FBE8FB8C-EFA3-465B-A7EA-9A10EFEECBAF}.Debug|Any CPU.Build.0 = Debug|Any CPU
		{FBE8FB8C-EFA3-465B-A7EA-9A10EFEECBAF}.Release|Any CPU.ActiveCfg = Release|Any CPU
		{FBE8FB8C-EFA3-465B-A7EA-9A10EFEECBAF}.Release|Any CPU.Build.0 = Release|Any CPU
		{E1CD7F37-2D26-43B9-B06C-73E80CD6D0D9}.Debug|Any CPU.ActiveCfg = Debug|Any CPU
		{E1CD7F37-2D26-43B9-B06C-73E80CD6D0D9}.Debug|Any CPU.Build.0 = Debug|Any CPU
		{E1CD7F37-2D26-43B9-B06C-73E80CD6D0D9}.Release|Any CPU.ActiveCfg = Release|Any CPU
		{E1CD7F37-2D26-43B9-B06C-73E80CD6D0D9}.Release|Any CPU.Build.0 = Release|Any CPU
		{9734C09E-79CE-49E0-A695-5FB66F4DE761}.Debug|Any CPU.ActiveCfg = Debug|Any CPU
		{9734C09E-79CE-49E0-A695-5FB66F4DE761}.Debug|Any CPU.Build.0 = Debug|Any CPU
		{9734C09E-79CE-49E0-A695-5FB66F4DE761}.Release|Any CPU.ActiveCfg = Release|Any CPU
		{9734C09E-79CE-49E0-A695-5FB66F4DE761}.Release|Any CPU.Build.0 = Release|Any CPU
		{B9280C67-0D8C-4EF8-B951-8A6CA3C46BE3}.Debug|Any CPU.ActiveCfg = Debug|Any CPU
		{B9280C67-0D8C-4EF8-B951-8A6CA3C46BE3}.Debug|Any CPU.Build.0 = Debug|Any CPU
		{B9280C67-0D8C-4EF8-B951-8A6CA3C46BE3}.Release|Any CPU.ActiveCfg = Release|Any CPU
		{B9280C67-0D8C-4EF8-B951-8A6CA3C46BE3}.Release|Any CPU.Build.0 = Release|Any CPU
	EndGlobalSection
	GlobalSection(SolutionProperties) = preSolution
		HideSolutionNode = FALSE
	EndGlobalSection
	GlobalSection(NestedProjects) = preSolution
		{2BD8B28C-5E85-4EA2-BDF5-039A7F7ACFFB} = {D923D547-0380-40A1-9E39-502D289405D4}
		{E1CD7F37-2D26-43B9-B06C-73E80CD6D0D9} = {D923D547-0380-40A1-9E39-502D289405D4}
		{B9280C67-0D8C-4EF8-B951-8A6CA3C46BE3} = {D923D547-0380-40A1-9E39-502D289405D4}
	EndGlobalSection
EndGlobal
